// !$*UTF8*$!
{
	archiveVersion = 1;
	classes = {
	};
	objectVersion = 55;
	objects = {

/* Begin PBXBuildFile section */
		920BF12929CC3D33001D40DA /* AppDelegate.swift in Sources */ = {isa = PBXBuildFile; fileRef = 920BF12829CC3D33001D40DA /* AppDelegate.swift */; };
		920BF12B29CC3D33001D40DA /* SceneDelegate.swift in Sources */ = {isa = PBXBuildFile; fileRef = 920BF12A29CC3D33001D40DA /* SceneDelegate.swift */; };
		920BF12D29CC3D33001D40DA /* GeneralViewController.swift in Sources */ = {isa = PBXBuildFile; fileRef = 920BF12C29CC3D33001D40DA /* GeneralViewController.swift */; };
		920BF13229CC3D34001D40DA /* Assets.xcassets in Resources */ = {isa = PBXBuildFile; fileRef = 920BF13129CC3D34001D40DA /* Assets.xcassets */; };
		920BF13529CC3D34001D40DA /* LaunchScreen.storyboard in Resources */ = {isa = PBXBuildFile; fileRef = 920BF13329CC3D34001D40DA /* LaunchScreen.storyboard */; };
		920BF13E29CC43CC001D40DA /* Girlo.usdz in Resources */ = {isa = PBXBuildFile; fileRef = 920BF13C29CC43CC001D40DA /* Girlo.usdz */; };
		920BF13F29CC43CC001D40DA /* wraith.usdz in Resources */ = {isa = PBXBuildFile; fileRef = 920BF13D29CC43CC001D40DA /* wraith.usdz */; };
		920BF14129CC623D001D40DA /* ArViewController.swift in Sources */ = {isa = PBXBuildFile; fileRef = 920BF14029CC623D001D40DA /* ArViewController.swift */; };
		920BF14329CC804A001D40DA /* hd1833.mov in Resources */ = {isa = PBXBuildFile; fileRef = 920BF14229CC804A001D40DA /* hd1833.mov */; };
		922CEB3B29D4771E002326F8 /* puppets_with_alpha_hevc.mov in Resources */ = {isa = PBXBuildFile; fileRef = 922CEB3A29D4771E002326F8 /* puppets_with_alpha_hevc.mov */; };
		9292EE3029D09A4500526C07 /* WelcomeViewController.swift in Sources */ = {isa = PBXBuildFile; fileRef = 9292EE2F29D09A4500526C07 /* WelcomeViewController.swift */; };
		92C8306529D6C5A800C660D1 /* excited.mov in Resources */ = {isa = PBXBuildFile; fileRef = 92C8305F29D6C5A700C660D1 /* excited.mov */; };
		92C8306629D6C5A800C660D1 /* shocked.mov in Resources */ = {isa = PBXBuildFile; fileRef = 92C8306029D6C5A700C660D1 /* shocked.mov */; };
		92C8306729D6C5A800C660D1 /* excited_transition.mov in Resources */ = {isa = PBXBuildFile; fileRef = 92C8306129D6C5A700C660D1 /* excited_transition.mov */; };
		92C8306829D6C5A800C660D1 /* shoced_transition.mov in Resources */ = {isa = PBXBuildFile; fileRef = 92C8306229D6C5A700C660D1 /* shoced_transition.mov */; };
		92C8306929D6C5A800C660D1 /* poker_face.mov in Resources */ = {isa = PBXBuildFile; fileRef = 92C8306329D6C5A700C660D1 /* poker_face.mov */; };
		92C8306A29D6C5A800C660D1 /* poker_face_transition.mov in Resources */ = {isa = PBXBuildFile; fileRef = 92C8306429D6C5A800C660D1 /* poker_face_transition.mov */; };
/* End PBXBuildFile section */

/* Begin PBXFileReference section */
		920BF12529CC3D33001D40DA /* Oko Future.app */ = {isa = PBXFileReference; explicitFileType = wrapper.application; includeInIndex = 0; path = "Oko Future.app"; sourceTree = BUILT_PRODUCTS_DIR; };
		920BF12829CC3D33001D40DA /* AppDelegate.swift */ = {isa = PBXFileReference; lastKnownFileType = sourcecode.swift; path = AppDelegate.swift; sourceTree = "<group>"; };
		920BF12A29CC3D33001D40DA /* SceneDelegate.swift */ = {isa = PBXFileReference; lastKnownFileType = sourcecode.swift; path = SceneDelegate.swift; sourceTree = "<group>"; };
		920BF12C29CC3D33001D40DA /* GeneralViewController.swift */ = {isa = PBXFileReference; lastKnownFileType = sourcecode.swift; path = GeneralViewController.swift; sourceTree = "<group>"; };
		920BF13129CC3D34001D40DA /* Assets.xcassets */ = {isa = PBXFileReference; lastKnownFileType = folder.assetcatalog; path = Assets.xcassets; sourceTree = "<group>"; };
		920BF13429CC3D34001D40DA /* Base */ = {isa = PBXFileReference; lastKnownFileType = file.storyboard; name = Base; path = Base.lproj/LaunchScreen.storyboard; sourceTree = "<group>"; };
		920BF13629CC3D34001D40DA /* Info.plist */ = {isa = PBXFileReference; lastKnownFileType = text.plist.xml; path = Info.plist; sourceTree = "<group>"; };
		920BF13C29CC43CC001D40DA /* Girlo.usdz */ = {isa = PBXFileReference; lastKnownFileType = file.usdz; path = Girlo.usdz; sourceTree = "<group>"; };
		920BF13D29CC43CC001D40DA /* wraith.usdz */ = {isa = PBXFileReference; lastKnownFileType = file.usdz; path = wraith.usdz; sourceTree = "<group>"; };
		920BF14029CC623D001D40DA /* ArViewController.swift */ = {isa = PBXFileReference; lastKnownFileType = sourcecode.swift; path = ArViewController.swift; sourceTree = "<group>"; };
		920BF14229CC804A001D40DA /* hd1833.mov */ = {isa = PBXFileReference; lastKnownFileType = video.quicktime; path = hd1833.mov; sourceTree = "<group>"; };
		922CEB3A29D4771E002326F8 /* puppets_with_alpha_hevc.mov */ = {isa = PBXFileReference; lastKnownFileType = video.quicktime; path = puppets_with_alpha_hevc.mov; sourceTree = "<group>"; };
		9292EE2F29D09A4500526C07 /* WelcomeViewController.swift */ = {isa = PBXFileReference; lastKnownFileType = sourcecode.swift; path = WelcomeViewController.swift; sourceTree = "<group>"; };
		92C8305F29D6C5A700C660D1 /* excited.mov */ = {isa = PBXFileReference; lastKnownFileType = video.quicktime; path = excited.mov; sourceTree = "<group>"; };
		92C8306029D6C5A700C660D1 /* shocked.mov */ = {isa = PBXFileReference; lastKnownFileType = video.quicktime; path = shocked.mov; sourceTree = "<group>"; };
		92C8306129D6C5A700C660D1 /* excited_transition.mov */ = {isa = PBXFileReference; lastKnownFileType = video.quicktime; path = excited_transition.mov; sourceTree = "<group>"; };
		92C8306229D6C5A700C660D1 /* shoced_transition.mov */ = {isa = PBXFileReference; lastKnownFileType = video.quicktime; path = shoced_transition.mov; sourceTree = "<group>"; };
		92C8306329D6C5A700C660D1 /* poker_face.mov */ = {isa = PBXFileReference; lastKnownFileType = video.quicktime; path = poker_face.mov; sourceTree = "<group>"; };
		92C8306429D6C5A800C660D1 /* poker_face_transition.mov */ = {isa = PBXFileReference; lastKnownFileType = video.quicktime; path = poker_face_transition.mov; sourceTree = "<group>"; };
/* End PBXFileReference section */

/* Begin PBXFrameworksBuildPhase section */
		920BF12229CC3D33001D40DA /* Frameworks */ = {
			isa = PBXFrameworksBuildPhase;
			buildActionMask = 2147483647;
			files = (
			);
			runOnlyForDeploymentPostprocessing = 0;
		};
/* End PBXFrameworksBuildPhase section */

/* Begin PBXGroup section */
		920BF11C29CC3D33001D40DA = {
			isa = PBXGroup;
			children = (
				92C8306129D6C5A700C660D1 /* excited_transition.mov */,
				92C8305F29D6C5A700C660D1 /* excited.mov */,
				92C8306429D6C5A800C660D1 /* poker_face_transition.mov */,
				92C8306329D6C5A700C660D1 /* poker_face.mov */,
				92C8306229D6C5A700C660D1 /* shoced_transition.mov */,
				92C8306029D6C5A700C660D1 /* shocked.mov */,
				922CEB3A29D4771E002326F8 /* puppets_with_alpha_hevc.mov */,
				920BF14229CC804A001D40DA /* hd1833.mov */,
				920BF13C29CC43CC001D40DA /* Girlo.usdz */,
				920BF13D29CC43CC001D40DA /* wraith.usdz */,
				920BF12729CC3D33001D40DA /* Oko Future */,
				920BF12629CC3D33001D40DA /* Products */,
			);
			sourceTree = "<group>";
		};
		920BF12629CC3D33001D40DA /* Products */ = {
			isa = PBXGroup;
			children = (
				920BF12529CC3D33001D40DA /* Oko Future.app */,
			);
			name = Products;
			sourceTree = "<group>";
		};
		920BF12729CC3D33001D40DA /* Oko Future */ = {
			isa = PBXGroup;
			children = (
				920BF12829CC3D33001D40DA /* AppDelegate.swift */,
				920BF12A29CC3D33001D40DA /* SceneDelegate.swift */,
				920BF12C29CC3D33001D40DA /* GeneralViewController.swift */,
				9292EE2F29D09A4500526C07 /* WelcomeViewController.swift */,
				920BF14029CC623D001D40DA /* ArViewController.swift */,
				920BF13129CC3D34001D40DA /* Assets.xcassets */,
				920BF13329CC3D34001D40DA /* LaunchScreen.storyboard */,
				920BF13629CC3D34001D40DA /* Info.plist */,
			);
			path = "Oko Future";
			sourceTree = "<group>";
		};
/* End PBXGroup section */

/* Begin PBXNativeTarget section */
		920BF12429CC3D33001D40DA /* Oko Future */ = {
			isa = PBXNativeTarget;
			buildConfigurationList = 920BF13929CC3D34001D40DA /* Build configuration list for PBXNativeTarget "Oko Future" */;
			buildPhases = (
				920BF12129CC3D33001D40DA /* Sources */,
				920BF12229CC3D33001D40DA /* Frameworks */,
				920BF12329CC3D33001D40DA /* Resources */,
			);
			buildRules = (
			);
			dependencies = (
			);
			name = "Oko Future";
			productName = "Oko Future";
			productReference = 920BF12529CC3D33001D40DA /* Oko Future.app */;
			productType = "com.apple.product-type.application";
		};
/* End PBXNativeTarget section */

/* Begin PBXProject section */
		920BF11D29CC3D33001D40DA /* Project object */ = {
			isa = PBXProject;
			attributes = {
				BuildIndependentTargetsInParallel = 1;
				LastSwiftUpdateCheck = 1310;
				LastUpgradeCheck = 1310;
				TargetAttributes = {
					920BF12429CC3D33001D40DA = {
						CreatedOnToolsVersion = 13.1;
					};
				};
			};
			buildConfigurationList = 920BF12029CC3D33001D40DA /* Build configuration list for PBXProject "Oko Future" */;
			compatibilityVersion = "Xcode 13.0";
			developmentRegion = en;
			hasScannedForEncodings = 0;
			knownRegions = (
				en,
				Base,
			);
			mainGroup = 920BF11C29CC3D33001D40DA;
			productRefGroup = 920BF12629CC3D33001D40DA /* Products */;
			projectDirPath = "";
			projectRoot = "";
			targets = (
				920BF12429CC3D33001D40DA /* Oko Future */,
			);
		};
/* End PBXProject section */

/* Begin PBXResourcesBuildPhase section */
		920BF12329CC3D33001D40DA /* Resources */ = {
			isa = PBXResourcesBuildPhase;
			buildActionMask = 2147483647;
			files = (
				92C8306529D6C5A800C660D1 /* excited.mov in Resources */,
				92C8306629D6C5A800C660D1 /* shocked.mov in Resources */,
				92C8306729D6C5A800C660D1 /* excited_transition.mov in Resources */,
				92C8306829D6C5A800C660D1 /* shoced_transition.mov in Resources */,
				92C8306929D6C5A800C660D1 /* poker_face.mov in Resources */,
				92C8306A29D6C5A800C660D1 /* poker_face_transition.mov in Resources */,
				922CEB3B29D4771E002326F8 /* puppets_with_alpha_hevc.mov in Resources */,
				920BF14329CC804A001D40DA /* hd1833.mov in Resources */,
				920BF13E29CC43CC001D40DA /* Girlo.usdz in Resources */,
				920BF13F29CC43CC001D40DA /* wraith.usdz in Resources */,
				920BF13529CC3D34001D40DA /* LaunchScreen.storyboard in Resources */,
				920BF13229CC3D34001D40DA /* Assets.xcassets in Resources */,
			);
			runOnlyForDeploymentPostprocessing = 0;
		};
/* End PBXResourcesBuildPhase section */

/* Begin PBXSourcesBuildPhase section */
		920BF12129CC3D33001D40DA /* Sources */ = {
			isa = PBXSourcesBuildPhase;
			buildActionMask = 2147483647;
			files = (
				920BF12D29CC3D33001D40DA /* GeneralViewController.swift in Sources */,
				9292EE3029D09A4500526C07 /* WelcomeViewController.swift in Sources */,
				920BF12929CC3D33001D40DA /* AppDelegate.swift in Sources */,
				920BF12B29CC3D33001D40DA /* SceneDelegate.swift in Sources */,
				920BF14129CC623D001D40DA /* ArViewController.swift in Sources */,
			);
			runOnlyForDeploymentPostprocessing = 0;
		};
/* End PBXSourcesBuildPhase section */

/* Begin PBXVariantGroup section */
		920BF13329CC3D34001D40DA /* LaunchScreen.storyboard */ = {
			isa = PBXVariantGroup;
			children = (
				920BF13429CC3D34001D40DA /* Base */,
			);
			name = LaunchScreen.storyboard;
			sourceTree = "<group>";
		};
/* End PBXVariantGroup section */

/* Begin XCBuildConfiguration section */
		920BF13729CC3D34001D40DA /* Debug */ = {
			isa = XCBuildConfiguration;
			buildSettings = {
				ALWAYS_SEARCH_USER_PATHS = NO;
				CLANG_ANALYZER_NONNULL = YES;
				CLANG_ANALYZER_NUMBER_OBJECT_CONVERSION = YES_AGGRESSIVE;
				CLANG_CXX_LANGUAGE_STANDARD = "gnu++17";
				CLANG_CXX_LIBRARY = "libc++";
				CLANG_ENABLE_MODULES = YES;
				CLANG_ENABLE_OBJC_ARC = YES;
				CLANG_ENABLE_OBJC_WEAK = YES;
				CLANG_WARN_BLOCK_CAPTURE_AUTORELEASING = YES;
				CLANG_WARN_BOOL_CONVERSION = YES;
				CLANG_WARN_COMMA = YES;
				CLANG_WARN_CONSTANT_CONVERSION = YES;
				CLANG_WARN_DEPRECATED_OBJC_IMPLEMENTATIONS = YES;
				CLANG_WARN_DIRECT_OBJC_ISA_USAGE = YES_ERROR;
				CLANG_WARN_DOCUMENTATION_COMMENTS = YES;
				CLANG_WARN_EMPTY_BODY = YES;
				CLANG_WARN_ENUM_CONVERSION = YES;
				CLANG_WARN_INFINITE_RECURSION = YES;
				CLANG_WARN_INT_CONVERSION = YES;
				CLANG_WARN_NON_LITERAL_NULL_CONVERSION = YES;
				CLANG_WARN_OBJC_IMPLICIT_RETAIN_SELF = YES;
				CLANG_WARN_OBJC_LITERAL_CONVERSION = YES;
				CLANG_WARN_OBJC_ROOT_CLASS = YES_ERROR;
				CLANG_WARN_QUOTED_INCLUDE_IN_FRAMEWORK_HEADER = YES;
				CLANG_WARN_RANGE_LOOP_ANALYSIS = YES;
				CLANG_WARN_STRICT_PROTOTYPES = YES;
				CLANG_WARN_SUSPICIOUS_MOVE = YES;
				CLANG_WARN_UNGUARDED_AVAILABILITY = YES_AGGRESSIVE;
				CLANG_WARN_UNREACHABLE_CODE = YES;
				CLANG_WARN__DUPLICATE_METHOD_MATCH = YES;
				COPY_PHASE_STRIP = NO;
				DEBUG_INFORMATION_FORMAT = dwarf;
				ENABLE_STRICT_OBJC_MSGSEND = YES;
				ENABLE_TESTABILITY = YES;
				GCC_C_LANGUAGE_STANDARD = gnu11;
				GCC_DYNAMIC_NO_PIC = NO;
				GCC_NO_COMMON_BLOCKS = YES;
				GCC_OPTIMIZATION_LEVEL = 0;
				GCC_PREPROCESSOR_DEFINITIONS = (
					"DEBUG=1",
					"$(inherited)",
				);
				GCC_WARN_64_TO_32_BIT_CONVERSION = YES;
				GCC_WARN_ABOUT_RETURN_TYPE = YES_ERROR;
				GCC_WARN_UNDECLARED_SELECTOR = YES;
				GCC_WARN_UNINITIALIZED_AUTOS = YES_AGGRESSIVE;
				GCC_WARN_UNUSED_FUNCTION = YES;
				GCC_WARN_UNUSED_VARIABLE = YES;
				IPHONEOS_DEPLOYMENT_TARGET = 15.0;
				MTL_ENABLE_DEBUG_INFO = INCLUDE_SOURCE;
				MTL_FAST_MATH = YES;
				ONLY_ACTIVE_ARCH = YES;
				SDKROOT = iphoneos;
				SWIFT_ACTIVE_COMPILATION_CONDITIONS = DEBUG;
				SWIFT_OPTIMIZATION_LEVEL = "-Onone";
			};
			name = Debug;
		};
		920BF13829CC3D34001D40DA /* Release */ = {
			isa = XCBuildConfiguration;
			buildSettings = {
				ALWAYS_SEARCH_USER_PATHS = NO;
				CLANG_ANALYZER_NONNULL = YES;
				CLANG_ANALYZER_NUMBER_OBJECT_CONVERSION = YES_AGGRESSIVE;
				CLANG_CXX_LANGUAGE_STANDARD = "gnu++17";
				CLANG_CXX_LIBRARY = "libc++";
				CLANG_ENABLE_MODULES = YES;
				CLANG_ENABLE_OBJC_ARC = YES;
				CLANG_ENABLE_OBJC_WEAK = YES;
				CLANG_WARN_BLOCK_CAPTURE_AUTORELEASING = YES;
				CLANG_WARN_BOOL_CONVERSION = YES;
				CLANG_WARN_COMMA = YES;
				CLANG_WARN_CONSTANT_CONVERSION = YES;
				CLANG_WARN_DEPRECATED_OBJC_IMPLEMENTATIONS = YES;
				CLANG_WARN_DIRECT_OBJC_ISA_USAGE = YES_ERROR;
				CLANG_WARN_DOCUMENTATION_COMMENTS = YES;
				CLANG_WARN_EMPTY_BODY = YES;
				CLANG_WARN_ENUM_CONVERSION = YES;
				CLANG_WARN_INFINITE_RECURSION = YES;
				CLANG_WARN_INT_CONVERSION = YES;
				CLANG_WARN_NON_LITERAL_NULL_CONVERSION = YES;
				CLANG_WARN_OBJC_IMPLICIT_RETAIN_SELF = YES;
				CLANG_WARN_OBJC_LITERAL_CONVERSION = YES;
				CLANG_WARN_OBJC_ROOT_CLASS = YES_ERROR;
				CLANG_WARN_QUOTED_INCLUDE_IN_FRAMEWORK_HEADER = YES;
				CLANG_WARN_RANGE_LOOP_ANALYSIS = YES;
				CLANG_WARN_STRICT_PROTOTYPES = YES;
				CLANG_WARN_SUSPICIOUS_MOVE = YES;
				CLANG_WARN_UNGUARDED_AVAILABILITY = YES_AGGRESSIVE;
				CLANG_WARN_UNREACHABLE_CODE = YES;
				CLANG_WARN__DUPLICATE_METHOD_MATCH = YES;
				COPY_PHASE_STRIP = NO;
				DEBUG_INFORMATION_FORMAT = "dwarf-with-dsym";
				ENABLE_NS_ASSERTIONS = NO;
				ENABLE_STRICT_OBJC_MSGSEND = YES;
				GCC_C_LANGUAGE_STANDARD = gnu11;
				GCC_NO_COMMON_BLOCKS = YES;
				GCC_WARN_64_TO_32_BIT_CONVERSION = YES;
				GCC_WARN_ABOUT_RETURN_TYPE = YES_ERROR;
				GCC_WARN_UNDECLARED_SELECTOR = YES;
				GCC_WARN_UNINITIALIZED_AUTOS = YES_AGGRESSIVE;
				GCC_WARN_UNUSED_FUNCTION = YES;
				GCC_WARN_UNUSED_VARIABLE = YES;
				IPHONEOS_DEPLOYMENT_TARGET = 15.0;
				MTL_ENABLE_DEBUG_INFO = NO;
				MTL_FAST_MATH = YES;
				SDKROOT = iphoneos;
				SWIFT_COMPILATION_MODE = wholemodule;
				SWIFT_OPTIMIZATION_LEVEL = "-O";
				VALIDATE_PRODUCT = YES;
			};
			name = Release;
		};
		920BF13A29CC3D34001D40DA /* Debug */ = {
			isa = XCBuildConfiguration;
			buildSettings = {
				ASSETCATALOG_COMPILER_APPICON_NAME = AppIcon;
				ASSETCATALOG_COMPILER_GLOBAL_ACCENT_COLOR_NAME = AccentColor;
				CODE_SIGN_STYLE = Automatic;
				CURRENT_PROJECT_VERSION = 1;
				DEVELOPMENT_TEAM = RPSWWXKYL2;
				GENERATE_INFOPLIST_FILE = YES;
				INFOPLIST_FILE = "Oko Future/Info.plist";
				INFOPLIST_KEY_NSCameraUsageDescription = "Allow camera access for ar";
				INFOPLIST_KEY_UIApplicationSupportsIndirectInputEvents = YES;
				INFOPLIST_KEY_UILaunchStoryboardName = LaunchScreen;
				INFOPLIST_KEY_UISupportedInterfaceOrientations_iPad = "UIInterfaceOrientationPortrait UIInterfaceOrientationPortraitUpsideDown UIInterfaceOrientationLandscapeLeft UIInterfaceOrientationLandscapeRight";
				INFOPLIST_KEY_UISupportedInterfaceOrientations_iPhone = "UIInterfaceOrientationPortrait UIInterfaceOrientationLandscapeLeft UIInterfaceOrientationLandscapeRight";
				LD_RUNPATH_SEARCH_PATHS = (
					"$(inherited)",
					"@executable_path/Frameworks",
				);
				MARKETING_VERSION = 1.0;
				PRODUCT_BUNDLE_IDENTIFIER = "mvp.Oko-Future";
				PRODUCT_NAME = "$(TARGET_NAME)";
				SWIFT_EMIT_LOC_STRINGS = YES;
				SWIFT_VERSION = 5.0;
				TARGETED_DEVICE_FAMILY = "1,2";
			};
			name = Debug;
		};
		920BF13B29CC3D34001D40DA /* Release */ = {
			isa = XCBuildConfiguration;
			buildSettings = {
				ASSETCATALOG_COMPILER_APPICON_NAME = AppIcon;
				ASSETCATALOG_COMPILER_GLOBAL_ACCENT_COLOR_NAME = AccentColor;
				CODE_SIGN_STYLE = Automatic;
				CURRENT_PROJECT_VERSION = 1;
				DEVELOPMENT_TEAM = RPSWWXKYL2;
				GENERATE_INFOPLIST_FILE = YES;
				INFOPLIST_FILE = "Oko Future/Info.plist";
				INFOPLIST_KEY_NSCameraUsageDescription = "Allow camera access for ar";
				INFOPLIST_KEY_UIApplicationSupportsIndirectInputEvents = YES;
				INFOPLIST_KEY_UILaunchStoryboardName = LaunchScreen;
				INFOPLIST_KEY_UISupportedInterfaceOrientations_iPad = "UIInterfaceOrientationPortrait UIInterfaceOrientationPortraitUpsideDown UIInterfaceOrientationLandscapeLeft UIInterfaceOrientationLandscapeRight";
				INFOPLIST_KEY_UISupportedInterfaceOrientations_iPhone = "UIInterfaceOrientationPortrait UIInterfaceOrientationLandscapeLeft UIInterfaceOrientationLandscapeRight";
				LD_RUNPATH_SEARCH_PATHS = (
					"$(inherited)",
					"@executable_path/Frameworks",
				);
				MARKETING_VERSION = 1.0;
				PRODUCT_BUNDLE_IDENTIFIER = "mvp.Oko-Future";
				PRODUCT_NAME = "$(TARGET_NAME)";
				SWIFT_EMIT_LOC_STRINGS = YES;
				SWIFT_VERSION = 5.0;
				TARGETED_DEVICE_FAMILY = "1,2";
			};
			name = Release;
		};
/* End XCBuildConfiguration section */

/* Begin XCConfigurationList section */
		920BF12029CC3D33001D40DA /* Build configuration list for PBXProject "Oko Future" */ = {
			isa = XCConfigurationList;
			buildConfigurations = (
				920BF13729CC3D34001D40DA /* Debug */,
				920BF13829CC3D34001D40DA /* Release */,
			);
			defaultConfigurationIsVisible = 0;
			defaultConfigurationName = Release;
		};
		920BF13929CC3D34001D40DA /* Build configuration list for PBXNativeTarget "Oko Future" */ = {
			isa = XCConfigurationList;
			buildConfigurations = (
				920BF13A29CC3D34001D40DA /* Debug */,
				920BF13B29CC3D34001D40DA /* Release */,
			);
			defaultConfigurationIsVisible = 0;
			defaultConfigurationName = Release;
		};
/* End XCConfigurationList section */
	};
	rootObject = 920BF11D29CC3D33001D40DA /* Project object */;
}
